
Microsoft Visual Studio Solution File, Format Version 12.00
# Visual Studio Version 16
VisualStudioVersion = 16.0.30804.86
MinimumVisualStudioVersion = 10.0.40219.1
Project("{2150E333-8FDC-42A3-9474-1A3956D46DE8}") = "src", "src", "{5120E0EB-6A74-45E1-A261-E787A31DA282}"
EndProject
Project("{2150E333-8FDC-42A3-9474-1A3956D46DE8}") = "Catalog", "Catalog", "{B1567677-C2ED-4F49-9377-0C30625A3731}"
EndProject
Project("{9A19103F-16F7-4668-BE54-9A1E7A4F7556}") = "Catalog.API", "src\Catalog\Catalog.API\Catalog.API.csproj", "{8BF37D87-BA93-4CCD-A44B-E3E423D02E5A}"
EndProject
Project("{E53339B2-1760-4266-BCC7-CA923CBCF16C}") = "docker-compose", "docker-compose.dcproj", "{2300174C-48D1-4DE1-AE68-FF281751540B}"
EndProject
Project("{2150E333-8FDC-42A3-9474-1A3956D46DE8}") = "Basket", "Basket", "{9B1EF785-FBE3-4B07-995D-C3A456FF6955}"
EndProject
Global
	GlobalSection(SolutionConfigurationPlatforms) = preSolution
		Debug|Any CPU = Debug|Any CPU
		Release|Any CPU = Release|Any CPU
	EndGlobalSection
	GlobalSection(ProjectConfigurationPlatforms) = postSolution
		{8BF37D87-BA93-4CCD-A44B-E3E423D02E5A}.Debug|Any CPU.ActiveCfg = Debug|Any CPU
		{8BF37D87-BA93-4CCD-A44B-E3E423D02E5A}.Debug|Any CPU.Build.0 = Debug|Any CPU
		{8BF37D87-BA93-4CCD-A44B-E3E423D02E5A}.Release|Any CPU.ActiveCfg = Release|Any CPU
		{8BF37D87-BA93-4CCD-A44B-E3E423D02E5A}.Release|Any CPU.Build.0 = Release|Any CPU
		{2300174C-48D1-4DE1-AE68-FF281751540B}.Debug|Any CPU.ActiveCfg = Debug|Any CPU
		{2300174C-48D1-4DE1-AE68-FF281751540B}.Debug|Any CPU.Build.0 = Debug|Any CPU
		{2300174C-48D1-4DE1-AE68-FF281751540B}.Release|Any CPU.ActiveCfg = Release|Any CPU
		{2300174C-48D1-4DE1-AE68-FF281751540B}.Release|Any CPU.Build.0 = Release|Any CPU
	EndGlobalSection
	GlobalSection(SolutionProperties) = preSolution
		HideSolutionNode = FALSE
	EndGlobalSection
	GlobalSection(NestedProjects) = preSolution
		{B1567677-C2ED-4F49-9377-0C30625A3731} = {5120E0EB-6A74-45E1-A261-E787A31DA282}
		{8BF37D87-BA93-4CCD-A44B-E3E423D02E5A} = {B1567677-C2ED-4F49-9377-0C30625A3731}
		{9B1EF785-FBE3-4B07-995D-C3A456FF6955} = {5120E0EB-6A74-45E1-A261-E787A31DA282}
	EndGlobalSection
	GlobalSection(ExtensibilityGlobals) = postSolution
		SolutionGuid = {4B214CA4-EE42-4CB3-B4E0-3BA3FDE29E23}
	EndGlobalSection
EndGlobal
